
Microsoft Visual Studio Solution File, Format Version 12.00
# Blend for Visual Studio Version 17
VisualStudioVersion = 17.6.33815.320
MinimumVisualStudioVersion = 10.0.40219.1
Project("{FAE04EC0-301F-11D3-BF4B-00C04F79EFBC}") = "test", "test\test.csproj", "{A6C23D6C-A944-46F6-92CA-F2497D8A216C}"
EndProject
Global
	GlobalSection(SolutionConfigurationPlatforms) = preSolution
		Debug|Any CPU = Debug|Any CPU
		Release|Any CPU = Release|Any CPU
	EndGlobalSection
	GlobalSection(ProjectConfigurationPlatforms) = postSolution
		{A6C23D6C-A944-46F6-92CA-F2497D8A216C}.Debug|Any CPU.ActiveCfg = Debug|Any CPU
		{A6C23D6C-A944-46F6-92CA-F2497D8A216C}.Debug|Any CPU.Build.0 = Debug|Any CPU
		{A6C23D6C-A944-46F6-92CA-F2497D8A216C}.Release|Any CPU.ActiveCfg = Release|Any CPU
		{A6C23D6C-A944-46F6-92CA-F2497D8A216C}.Release|Any CPU.Build.0 = Release|Any CPU
	EndGlobalSection
	GlobalSection(SolutionProperties) = preSolution
		HideSolutionNode = FALSE
	EndGlobalSection
	GlobalSection(ExtensibilityGlobals) = postSolution
		SolutionGuid = {3C0CDAE8-BE9B-475E-B2A1-1BC1EAD8FBCC}
	EndGlobalSection
EndGlobal
